// !$*UTF8*$!
{
	archiveVersion = 1;
	classes = {
	};
	objectVersion = 56;
	objects = {

/* Begin PBXBuildFile section */
		115132292B3452800054E000 /* AppDelegate.swift in Sources */ = {isa = PBXBuildFile; fileRef = 115132282B3452800054E000 /* AppDelegate.swift */; };
		1151322B2B3452800054E000 /* SceneDelegate.swift in Sources */ = {isa = PBXBuildFile; fileRef = 1151322A2B3452800054E000 /* SceneDelegate.swift */; };
		1151322D2B3452800054E000 /* ViewController.swift in Sources */ = {isa = PBXBuildFile; fileRef = 1151322C2B3452800054E000 /* ViewController.swift */; };
		115132302B3452800054E000 /* Main.storyboard in Resources */ = {isa = PBXBuildFile; fileRef = 1151322E2B3452800054E000 /* Main.storyboard */; };
		115132322B3452810054E000 /* Assets.xcassets in Resources */ = {isa = PBXBuildFile; fileRef = 115132312B3452810054E000 /* Assets.xcassets */; };
		115132352B3452810054E000 /* LaunchScreen.storyboard in Resources */ = {isa = PBXBuildFile; fileRef = 115132332B3452810054E000 /* LaunchScreen.storyboard */; };
		1151323D2B3454010054E000 /* TodoTableViewCell.swift in Sources */ = {isa = PBXBuildFile; fileRef = 1151323C2B3454010054E000 /* TodoTableViewCell.swift */; };
		115132412B34544C0054E000 /* Todo.swift in Sources */ = {isa = PBXBuildFile; fileRef = 115132402B34544C0054E000 /* Todo.swift */; };
		115132442B34547F0054E000 /* String+extension.swift in Sources */ = {isa = PBXBuildFile; fileRef = 115132432B34547F0054E000 /* String+extension.swift */; };
/* End PBXBuildFile section */

/* Begin PBXFileReference section */
		115132252B3452800054E000 /* My todo List check.app */ = {isa = PBXFileReference; explicitFileType = wrapper.application; includeInIndex = 0; path = "My todo List check.app"; sourceTree = BUILT_PRODUCTS_DIR; };
		115132282B3452800054E000 /* AppDelegate.swift */ = {isa = PBXFileReference; lastKnownFileType = sourcecode.swift; path = AppDelegate.swift; sourceTree = "<group>"; };
		1151322A2B3452800054E000 /* SceneDelegate.swift */ = {isa = PBXFileReference; lastKnownFileType = sourcecode.swift; path = SceneDelegate.swift; sourceTree = "<group>"; };
		1151322C2B3452800054E000 /* ViewController.swift */ = {isa = PBXFileReference; lastKnownFileType = sourcecode.swift; path = ViewController.swift; sourceTree = "<group>"; };
		1151322F2B3452800054E000 /* Base */ = {isa = PBXFileReference; lastKnownFileType = file.storyboard; name = Base; path = Base.lproj/Main.storyboard; sourceTree = "<group>"; };
		115132312B3452810054E000 /* Assets.xcassets */ = {isa = PBXFileReference; lastKnownFileType = folder.assetcatalog; path = Assets.xcassets; sourceTree = "<group>"; };
		115132342B3452810054E000 /* Base */ = {isa = PBXFileReference; lastKnownFileType = file.storyboard; name = Base; path = Base.lproj/LaunchScreen.storyboard; sourceTree = "<group>"; };
		115132362B3452810054E000 /* Info.plist */ = {isa = PBXFileReference; lastKnownFileType = text.plist.xml; path = Info.plist; sourceTree = "<group>"; };
		1151323C2B3454010054E000 /* TodoTableViewCell.swift */ = {isa = PBXFileReference; lastKnownFileType = sourcecode.swift; path = TodoTableViewCell.swift; sourceTree = "<group>"; };
		115132402B34544C0054E000 /* Todo.swift */ = {isa = PBXFileReference; lastKnownFileType = sourcecode.swift; path = Todo.swift; sourceTree = "<group>"; };
		115132432B34547F0054E000 /* String+extension.swift */ = {isa = PBXFileReference; lastKnownFileType = sourcecode.swift; path = "String+extension.swift"; sourceTree = "<group>"; };
/* End PBXFileReference section */

/* Begin PBXFrameworksBuildPhase section */
		115132222B3452800054E000 /* Frameworks */ = {
			isa = PBXFrameworksBuildPhase;
			buildActionMask = 2147483647;
			files = (
			);
			runOnlyForDeploymentPostprocessing = 0;
		};
/* End PBXFrameworksBuildPhase section */

/* Begin PBXGroup section */
		1151321C2B3452800054E000 = {
			isa = PBXGroup;
			children = (
				115132272B3452800054E000 /* My todo List check */,
				115132262B3452800054E000 /* Products */,
			);
			sourceTree = "<group>";
		};
		115132262B3452800054E000 /* Products */ = {
			isa = PBXGroup;
			children = (
				115132252B3452800054E000 /* My todo List check.app */,
			);
			name = Products;
			sourceTree = "<group>";
		};
		115132272B3452800054E000 /* My todo List check */ = {
			isa = PBXGroup;
			children = (
				115132422B3454620054E000 /* Extensioin */,
				1151323F2B3454390054E000 /* Model */,
				1151323E2B3454140054E000 /* Cells */,
				115132282B3452800054E000 /* AppDelegate.swift */,
				1151322A2B3452800054E000 /* SceneDelegate.swift */,
				1151322C2B3452800054E000 /* ViewController.swift */,
				1151322E2B3452800054E000 /* Main.storyboard */,
				115132312B3452810054E000 /* Assets.xcassets */,
				115132332B3452810054E000 /* LaunchScreen.storyboard */,
				115132362B3452810054E000 /* Info.plist */,
			);
			path = "My todo List check";
			sourceTree = "<group>";
		};
		1151323E2B3454140054E000 /* Cells */ = {
			isa = PBXGroup;
			children = (
				1151323C2B3454010054E000 /* TodoTableViewCell.swift */,
			);
			path = Cells;
			sourceTree = "<group>";
		};
		1151323F2B3454390054E000 /* Model */ = {
			isa = PBXGroup;
			children = (
				115132402B34544C0054E000 /* Todo.swift */,
			);
			path = Model;
			sourceTree = "<group>";
		};
		115132422B3454620054E000 /* Extensioin */ = {
			isa = PBXGroup;
			children = (
				115132432B34547F0054E000 /* String+extension.swift */,
			);
			path = Extensioin;
			sourceTree = "<group>";
		};
/* End PBXGroup section */

/* Begin PBXNativeTarget section */
		115132242B3452800054E000 /* My todo List check */ = {
			isa = PBXNativeTarget;
			buildConfigurationList = 115132392B3452810054E000 /* Build configuration list for PBXNativeTarget "My todo List check" */;
			buildPhases = (
				115132212B3452800054E000 /* Sources */,
				115132222B3452800054E000 /* Frameworks */,
				115132232B3452800054E000 /* Resources */,
			);
			buildRules = (
			);
			dependencies = (
			);
			name = "My todo List check";
			productName = "My todo List check";
			productReference = 115132252B3452800054E000 /* My todo List check.app */;
			productType = "com.apple.product-type.application";
		};
/* End PBXNativeTarget section */

/* Begin PBXProject section */
		1151321D2B3452800054E000 /* Project object */ = {
			isa = PBXProject;
			attributes = {
				BuildIndependentTargetsInParallel = 1;
				LastSwiftUpdateCheck = 1510;
				LastUpgradeCheck = 1510;
				TargetAttributes = {
					115132242B3452800054E000 = {
						CreatedOnToolsVersion = 15.1;
					};
				};
			};
			buildConfigurationList = 115132202B3452800054E000 /* Build configuration list for PBXProject "My todo List check" */;
			compatibilityVersion = "Xcode 14.0";
			developmentRegion = en;
			hasScannedForEncodings = 0;
			knownRegions = (
				en,
				Base,
			);
			mainGroup = 1151321C2B3452800054E000;
			productRefGroup = 115132262B3452800054E000 /* Products */;
			projectDirPath = "";
			projectRoot = "";
			targets = (
				115132242B3452800054E000 /* My todo List check */,
			);
		};
/* End PBXProject section */

/* Begin PBXResourcesBuildPhase section */
		115132232B3452800054E000 /* Resources */ = {
			isa = PBXResourcesBuildPhase;
			buildActionMask = 2147483647;
			files = (
				115132352B3452810054E000 /* LaunchScreen.storyboard in Resources */,
				115132322B3452810054E000 /* Assets.xcassets in Resources */,
				115132302B3452800054E000 /* Main.storyboard in Resources */,
			);
			runOnlyForDeploymentPostprocessing = 0;
		};
/* End PBXResourcesBuildPhase section */

/* Begin PBXSourcesBuildPhase section */
		115132212B3452800054E000 /* Sources */ = {
			isa = PBXSourcesBuildPhase;
			buildActionMask = 2147483647;
			files = (
				1151322D2B3452800054E000 /* ViewController.swift in Sources */,
				1151323D2B3454010054E000 /* TodoTableViewCell.swift in Sources */,
				115132442B34547F0054E000 /* String+extension.swift in Sources */,
				115132292B3452800054E000 /* AppDelegate.swift in Sources */,
				1151322B2B3452800054E000 /* SceneDelegate.swift in Sources */,
				115132412B34544C0054E000 /* Todo.swift in Sources */,
			);
			runOnlyForDeploymentPostprocessing = 0;
		};
/* End PBXSourcesBuildPhase section */

/* Begin PBXVariantGroup section */
		1151322E2B3452800054E000 /* Main.storyboard */ = {
			isa = PBXVariantGroup;
			children = (
				1151322F2B3452800054E000 /* Base */,
			);
			name = Main.storyboard;
			sourceTree = "<group>";
		};
		115132332B3452810054E000 /* LaunchScreen.storyboard */ = {
			isa = PBXVariantGroup;
			children = (
				115132342B3452810054E000 /* Base */,
			);
			name = LaunchScreen.storyboard;
			sourceTree = "<group>";
		};
/* End PBXVariantGroup section */

/* Begin XCBuildConfiguration section */
		115132372B3452810054E000 /* Debug */ = {
			isa = XCBuildConfiguration;
			buildSettings = {
				ALWAYS_SEARCH_USER_PATHS = NO;
				ASSETCATALOG_COMPILER_GENERATE_SWIFT_ASSET_SYMBOL_EXTENSIONS = YES;
				CLANG_ANALYZER_NONNULL = YES;
				CLANG_ANALYZER_NUMBER_OBJECT_CONVERSION = YES_AGGRESSIVE;
				CLANG_CXX_LANGUAGE_STANDARD = "gnu++20";
				CLANG_ENABLE_MODULES = YES;
				CLANG_ENABLE_OBJC_ARC = YES;
				CLANG_ENABLE_OBJC_WEAK = YES;
				CLANG_WARN_BLOCK_CAPTURE_AUTORELEASING = YES;
				CLANG_WARN_BOOL_CONVERSION = YES;
				CLANG_WARN_COMMA = YES;
				CLANG_WARN_CONSTANT_CONVERSION = YES;
				CLANG_WARN_DEPRECATED_OBJC_IMPLEMENTATIONS = YES;
				CLANG_WARN_DIRECT_OBJC_ISA_USAGE = YES_ERROR;
				CLANG_WARN_DOCUMENTATION_COMMENTS = YES;
				CLANG_WARN_EMPTY_BODY = YES;
				CLANG_WARN_ENUM_CONVERSION = YES;
				CLANG_WARN_INFINITE_RECURSION = YES;
				CLANG_WARN_INT_CONVERSION = YES;
				CLANG_WARN_NON_LITERAL_NULL_CONVERSION = YES;
				CLANG_WARN_OBJC_IMPLICIT_RETAIN_SELF = YES;
				CLANG_WARN_OBJC_LITERAL_CONVERSION = YES;
				CLANG_WARN_OBJC_ROOT_CLASS = YES_ERROR;
				CLANG_WARN_QUOTED_INCLUDE_IN_FRAMEWORK_HEADER = YES;
				CLANG_WARN_RANGE_LOOP_ANALYSIS = YES;
				CLANG_WARN_STRICT_PROTOTYPES = YES;
				CLANG_WARN_SUSPICIOUS_MOVE = YES;
				CLANG_WARN_UNGUARDED_AVAILABILITY = YES_AGGRESSIVE;
				CLANG_WARN_UNREACHABLE_CODE = YES;
				CLANG_WARN__DUPLICATE_METHOD_MATCH = YES;
				COPY_PHASE_STRIP = NO;
				DEBUG_INFORMATION_FORMAT = dwarf;
				ENABLE_STRICT_OBJC_MSGSEND = YES;
				ENABLE_TESTABILITY = YES;
				ENABLE_USER_SCRIPT_SANDBOXING = YES;
				GCC_C_LANGUAGE_STANDARD = gnu17;
				GCC_DYNAMIC_NO_PIC = NO;
				GCC_NO_COMMON_BLOCKS = YES;
				GCC_OPTIMIZATION_LEVEL = 0;
				GCC_PREPROCESSOR_DEFINITIONS = (
					"DEBUG=1",
					"$(inherited)",
				);
				GCC_WARN_64_TO_32_BIT_CONVERSION = YES;
				GCC_WARN_ABOUT_RETURN_TYPE = YES_ERROR;
				GCC_WARN_UNDECLARED_SELECTOR = YES;
				GCC_WARN_UNINITIALIZED_AUTOS = YES_AGGRESSIVE;
				GCC_WARN_UNUSED_FUNCTION = YES;
				GCC_WARN_UNUSED_VARIABLE = YES;
				IPHONEOS_DEPLOYMENT_TARGET = 17.2;
				LOCALIZATION_PREFERS_STRING_CATALOGS = YES;
				MTL_ENABLE_DEBUG_INFO = INCLUDE_SOURCE;
				MTL_FAST_MATH = YES;
				ONLY_ACTIVE_ARCH = YES;
				SDKROOT = iphoneos;
				SWIFT_ACTIVE_COMPILATION_CONDITIONS = "DEBUG $(inherited)";
				SWIFT_OPTIMIZATION_LEVEL = "-Onone";
			};
			name = Debug;
		};
		115132382B3452810054E000 /* Release */ = {
			isa = XCBuildConfiguration;
			buildSettings = {
				ALWAYS_SEARCH_USER_PATHS = NO;
				ASSETCATALOG_COMPILER_GENERATE_SWIFT_ASSET_SYMBOL_EXTENSIONS = YES;
				CLANG_ANALYZER_NONNULL = YES;
				CLANG_ANALYZER_NUMBER_OBJECT_CONVERSION = YES_AGGRESSIVE;
				CLANG_CXX_LANGUAGE_STANDARD = "gnu++20";
				CLANG_ENABLE_MODULES = YES;
				CLANG_ENABLE_OBJC_ARC = YES;
				CLANG_ENABLE_OBJC_WEAK = YES;
				CLANG_WARN_BLOCK_CAPTURE_AUTORELEASING = YES;
				CLANG_WARN_BOOL_CONVERSION = YES;
				CLANG_WARN_COMMA = YES;
				CLANG_WARN_CONSTANT_CONVERSION = YES;
				CLANG_WARN_DEPRECATED_OBJC_IMPLEMENTATIONS = YES;
				CLANG_WARN_DIRECT_OBJC_ISA_USAGE = YES_ERROR;
				CLANG_WARN_DOCUMENTATION_COMMENTS = YES;
				CLANG_WARN_EMPTY_BODY = YES;
				CLANG_WARN_ENUM_CONVERSION = YES;
				CLANG_WARN_INFINITE_RECURSION = YES;
				CLANG_WARN_INT_CONVERSION = YES;
				CLANG_WARN_NON_LITERAL_NULL_CONVERSION = YES;
				CLANG_WARN_OBJC_IMPLICIT_RETAIN_SELF = YES;
				CLANG_WARN_OBJC_LITERAL_CONVERSION = YES;
				CLANG_WARN_OBJC_ROOT_CLASS = YES_ERROR;
				CLANG_WARN_QUOTED_INCLUDE_IN_FRAMEWORK_HEADER = YES;
				CLANG_WARN_RANGE_LOOP_ANALYSIS = YES;
				CLANG_WARN_STRICT_PROTOTYPES = YES;
				CLANG_WARN_SUSPICIOUS_MOVE = YES;
				CLANG_WARN_UNGUARDED_AVAILABILITY = YES_AGGRESSIVE;
				CLANG_WARN_UNREACHABLE_CODE = YES;
				CLANG_WARN__DUPLICATE_METHOD_MATCH = YES;
				COPY_PHASE_STRIP = NO;
				DEBUG_INFORMATION_FORMAT = "dwarf-with-dsym";
				ENABLE_NS_ASSERTIONS = NO;
				ENABLE_STRICT_OBJC_MSGSEND = YES;
				ENABLE_USER_SCRIPT_SANDBOXING = YES;
				GCC_C_LANGUAGE_STANDARD = gnu17;
				GCC_NO_COMMON_BLOCKS = YES;
				GCC_WARN_64_TO_32_BIT_CONVERSION = YES;
				GCC_WARN_ABOUT_RETURN_TYPE = YES_ERROR;
				GCC_WARN_UNDECLARED_SELECTOR = YES;
				GCC_WARN_UNINITIALIZED_AUTOS = YES_AGGRESSIVE;
				GCC_WARN_UNUSED_FUNCTION = YES;
				GCC_WARN_UNUSED_VARIABLE = YES;
				IPHONEOS_DEPLOYMENT_TARGET = 17.2;
				LOCALIZATION_PREFERS_STRING_CATALOGS = YES;
				MTL_ENABLE_DEBUG_INFO = NO;
				MTL_FAST_MATH = YES;
				SDKROOT = iphoneos;
				SWIFT_COMPILATION_MODE = wholemodule;
				VALIDATE_PRODUCT = YES;
			};
			name = Release;
		};
		1151323A2B3452810054E000 /* Debug */ = {
			isa = XCBuildConfiguration;
			buildSettings = {
				ASSETCATALOG_COMPILER_APPICON_NAME = AppIcon;
				ASSETCATALOG_COMPILER_GLOBAL_ACCENT_COLOR_NAME = AccentColor;
				CODE_SIGN_STYLE = Automatic;
				CURRENT_PROJECT_VERSION = 1;
				GENERATE_INFOPLIST_FILE = YES;
				INFOPLIST_FILE = "My todo List check/Info.plist";
				INFOPLIST_KEY_UIApplicationSupportsIndirectInputEvents = YES;
				INFOPLIST_KEY_UILaunchStoryboardName = LaunchScreen;
				INFOPLIST_KEY_UIMainStoryboardFile = Main;
				INFOPLIST_KEY_UISupportedInterfaceOrientations_iPad = "UIInterfaceOrientationPortrait UIInterfaceOrientationPortraitUpsideDown UIInterfaceOrientationLandscapeLeft UIInterfaceOrientationLandscapeRight";
				INFOPLIST_KEY_UISupportedInterfaceOrientations_iPhone = "UIInterfaceOrientationPortrait UIInterfaceOrientationLandscapeLeft UIInterfaceOrientationLandscapeRight";
				LD_RUNPATH_SEARCH_PATHS = (
					"$(inherited)",
					"@executable_path/Frameworks",
				);
				MARKETING_VERSION = 1.0;
				PRODUCT_BUNDLE_IDENTIFIER = "Rubypaper.My-todo-List-check";
				PRODUCT_NAME = "$(TARGET_NAME)";
				SWIFT_EMIT_LOC_STRINGS = YES;
				SWIFT_VERSION = 5.0;
				TARGETED_DEVICE_FAMILY = "1,2";
			};
			name = Debug;
		};
		1151323B2B3452810054E000 /* Release */ = {
			isa = XCBuildConfiguration;
			buildSettings = {
				ASSETCATALOG_COMPILER_APPICON_NAME = AppIcon;
				ASSETCATALOG_COMPILER_GLOBAL_ACCENT_COLOR_NAME = AccentColor;
				CODE_SIGN_STYLE = Automatic;
				CURRENT_PROJECT_VERSION = 1;
				GENERATE_INFOPLIST_FILE = YES;
				INFOPLIST_FILE = "My todo List check/Info.plist";
				INFOPLIST_KEY_UIApplicationSupportsIndirectInputEvents = YES;
				INFOPLIST_KEY_UILaunchStoryboardName = LaunchScreen;
				INFOPLIST_KEY_UIMainStoryboardFile = Main;
				INFOPLIST_KEY_UISupportedInterfaceOrientations_iPad = "UIInterfaceOrientationPortrait UIInterfaceOrientationPortraitUpsideDown UIInterfaceOrientationLandscapeLeft UIInterfaceOrientationLandscapeRight";
				INFOPLIST_KEY_UISupportedInterfaceOrientations_iPhone = "UIInterfaceOrientationPortrait UIInterfaceOrientationLandscapeLeft UIInterfaceOrientationLandscapeRight";
				LD_RUNPATH_SEARCH_PATHS = (
					"$(inherited)",
					"@executable_path/Frameworks",
				);
				MARKETING_VERSION = 1.0;
				PRODUCT_BUNDLE_IDENTIFIER = "Rubypaper.My-todo-List-check";
				PRODUCT_NAME = "$(TARGET_NAME)";
				SWIFT_EMIT_LOC_STRINGS = YES;
				SWIFT_VERSION = 5.0;
				TARGETED_DEVICE_FAMILY = "1,2";
			};
			name = Release;
		};
/* End XCBuildConfiguration section */

/* Begin XCConfigurationList section */
		115132202B3452800054E000 /* Build configuration list for PBXProject "My todo List check" */ = {
			isa = XCConfigurationList;
			buildConfigurations = (
				115132372B3452810054E000 /* Debug */,
				115132382B3452810054E000 /* Release */,
			);
			defaultConfigurationIsVisible = 0;
			defaultConfigurationName = Release;
		};
		115132392B3452810054E000 /* Build configuration list for PBXNativeTarget "My todo List check" */ = {
			isa = XCConfigurationList;
			buildConfigurations = (
				1151323A2B3452810054E000 /* Debug */,
				1151323B2B3452810054E000 /* Release */,
			);
			defaultConfigurationIsVisible = 0;
			defaultConfigurationName = Release;
		};
/* End XCConfigurationList section */
	};
	rootObject = 1151321D2B3452800054E000 /* Project object */;
}
